{
    "_readme": [
        "This file locks the dependencies of your project to a known state",
        "Read more about it at https://getcomposer.org/doc/01-basic-usage.md#installing-dependencies",
        "This file is @generated automatically"
    ],
    "content-hash": "52c4a43aa9b0c4c3b6c3bcc5e9e11ae8",
    "packages": [
        {
            "name": "composer/ca-bundle",
            "version": "1.3.1",
            "source": {
                "type": "git",
                "url": "https://github.com/composer/ca-bundle.git",
                "reference": "4c679186f2aca4ab6a0f1b0b9cf9252decb44d0b"
            },
            "dist": {
                "type": "zip",
                "url": "https://api.github.com/repos/composer/ca-bundle/zipball/4c679186f2aca4ab6a0f1b0b9cf9252decb44d0b",
                "reference": "4c679186f2aca4ab6a0f1b0b9cf9252decb44d0b",
                "shasum": ""
            },
            "require": {
                "ext-openssl": "*",
                "ext-pcre": "*",
                "php": "^5.3.2 || ^7.0 || ^8.0"
            },
            "require-dev": {
                "phpstan/phpstan": "^0.12.55",
                "psr/log": "^1.0",
                "symfony/phpunit-bridge": "^4.2 || ^5",
                "symfony/process": "^2.5 || ^3.0 || ^4.0 || ^5.0 || ^6.0"
            },
            "type": "library",
            "extra": {
                "branch-alias": {
                    "dev-main": "1.x-dev"
                }
            },
            "autoload": {
                "psr-4": {
                    "Composer\\CaBundle\\": "src"
                }
            },
            "notification-url": "https://packagist.org/downloads/",
            "license": [
                "MIT"
            ],
            "authors": [
                {
                    "name": "Jordi Boggiano",
                    "email": "j.boggiano@seld.be",
                    "homepage": "http://seld.be"
                }
            ],
            "description": "Lets you find a path to the system CA bundle, and includes a fallback to the Mozilla CA bundle.",
            "keywords": [
                "cabundle",
                "cacert",
                "certificate",
                "ssl",
                "tls"
            ],
            "funding": [
                {
                    "url": "https://packagist.com",
                    "type": "custom"
                },
                {
                    "url": "https://github.com/composer",
                    "type": "github"
                },
                {
                    "url": "https://tidelift.com/funding/github/packagist/composer/composer",
                    "type": "tidelift"
                }
            ],
            "time": "2021-10-28T20:44:15+00:00"
        },
        {
            "name": "ua-parser/uap-php",
            "version": "v3.9.14",
            "source": {
                "type": "git",
                "url": "https://github.com/ua-parser/uap-php.git",
                "reference": "b796c5ea5df588e65aeb4e2c6cce3811dec4fed6"
            },
            "dist": {
                "type": "zip",
                "url": "https://api.github.com/repos/ua-parser/uap-php/zipball/b796c5ea5df588e65aeb4e2c6cce3811dec4fed6",
                "reference": "b796c5ea5df588e65aeb4e2c6cce3811dec4fed6",
                "shasum": ""
            },
            "require": {
                "composer/ca-bundle": "^1.1",
                "php": "^7.2 || ^8.0"
            },
            "require-dev": {
                "phpstan/phpstan": "^0.12.33",
                "phpunit/phpunit": "^8 || ^9",
                "symfony/console": "^3.4 || ^4.2 || ^4.3 || ^5.0",
                "symfony/filesystem": "^3.4 || ^4.2 ||  ^4.3 || ^5.0",
                "symfony/finder": "^3.4 || ^4.2 || ^4.3 || ^5.0",
                "symfony/yaml": "^3.4 || ^4.2 || ^4.3 || ^5.0",
                "vimeo/psalm": "^3.12"
            },
            "suggest": {
                "symfony/console": "Required for CLI usage - ^3.4 || ^4.3 || ^5.0",
                "symfony/filesystem": "Required for CLI usage - ^3.4 || ^4.3 || ^5.0",
                "symfony/finder": "Required for CLI usage - ^3.4 || ^4.3 || ^5.0",
                "symfony/yaml": "Required for CLI usage - ^3.4 || ^4.3 || ^5.0"
            },
            "bin": [
                "bin/uaparser"
            ],
            "type": "library",
            "autoload": {
                "psr-4": {
                    "UAParser\\": "src"
                }
            },
            "notification-url": "https://packagist.org/downloads/",
            "license": [
                "MIT"
            ],
            "authors": [
                {
                    "name": "Dave Olsen",
                    "email": "dmolsen@gmail.com"
                },
                {
                    "name": "Lars Strojny",
                    "email": "lars@strojny.net"
                }
            ],
            "description": "A multi-language port of Browserscope's user agent parser.",
            "time": "2020-10-02T23:36:20+00:00"
        }
    ],
    "packages-dev": [],
    "aliases": [],
    "minimum-stability": "stable",
    "stability-flags": [],
    "prefer-stable": false,
    "prefer-lowest": false,
    "platform": [],
    "platform-dev": [],
    "plugin-api-version": "1.1.0"
}
